// !$*UTF8*$!
{
	archiveVersion = 1;
	classes = {
	};
	objectVersion = 48;
	objects = {

/* Begin PBXBuildFile section */
		C8866FF61FF18D6C0005C68B /* AppDelegate.swift in Sources */ = {isa = PBXBuildFile; fileRef = C8866FF51FF18D6C0005C68B /* AppDelegate.swift */; };
		C8866FF81FF18D6C0005C68B /* ViewController.swift in Sources */ = {isa = PBXBuildFile; fileRef = C8866FF71FF18D6C0005C68B /* ViewController.swift */; };
		C8866FFB1FF18D6C0005C68B /* Main.storyboard in Resources */ = {isa = PBXBuildFile; fileRef = C8866FF91FF18D6C0005C68B /* Main.storyboard */; };
		C8866FFE1FF18D6D0005C68B /* SuperSenha.xcdatamodeld in Sources */ = {isa = PBXBuildFile; fileRef = C8866FFC1FF18D6D0005C68B /* SuperSenha.xcdatamodeld */; };
		C88670001FF18D6D0005C68B /* Assets.xcassets in Resources */ = {isa = PBXBuildFile; fileRef = C8866FFF1FF18D6D0005C68B /* Assets.xcassets */; };
		C88670031FF18D6D0005C68B /* LaunchScreen.storyboard in Resources */ = {isa = PBXBuildFile; fileRef = C88670011FF18D6D0005C68B /* LaunchScreen.storyboard */; };
		C886700B1FF196B10005C68B /* PasswordsViewController.swift in Sources */ = {isa = PBXBuildFile; fileRef = C886700A1FF196B10005C68B /* PasswordsViewController.swift */; };
		C886700D1FF197980005C68B /* SecurityTipsViewController.swift in Sources */ = {isa = PBXBuildFile; fileRef = C886700C1FF197980005C68B /* SecurityTipsViewController.swift */; };
		C886700F1FF198110005C68B /* PasswordsGenerator.swift in Sources */ = {isa = PBXBuildFile; fileRef = C886700E1FF198110005C68B /* PasswordsGenerator.swift */; };
/* End PBXBuildFile section */

/* Begin PBXFileReference section */
		C8866FF21FF18D6C0005C68B /* SuperSenha.app */ = {isa = PBXFileReference; explicitFileType = wrapper.application; includeInIndex = 0; path = SuperSenha.app; sourceTree = BUILT_PRODUCTS_DIR; };
		C8866FF51FF18D6C0005C68B /* AppDelegate.swift */ = {isa = PBXFileReference; lastKnownFileType = sourcecode.swift; path = AppDelegate.swift; sourceTree = "<group>"; };
		C8866FF71FF18D6C0005C68B /* ViewController.swift */ = {isa = PBXFileReference; lastKnownFileType = sourcecode.swift; path = ViewController.swift; sourceTree = "<group>"; };
		C8866FFA1FF18D6C0005C68B /* Base */ = {isa = PBXFileReference; lastKnownFileType = file.storyboard; name = Base; path = Base.lproj/Main.storyboard; sourceTree = "<group>"; };
		C8866FFD1FF18D6D0005C68B /* SuperSenha.xcdatamodel */ = {isa = PBXFileReference; lastKnownFileType = wrapper.xcdatamodel; path = SuperSenha.xcdatamodel; sourceTree = "<group>"; };
		C8866FFF1FF18D6D0005C68B /* Assets.xcassets */ = {isa = PBXFileReference; lastKnownFileType = folder.assetcatalog; path = Assets.xcassets; sourceTree = "<group>"; };
		C88670021FF18D6D0005C68B /* Base */ = {isa = PBXFileReference; lastKnownFileType = file.storyboard; name = Base; path = Base.lproj/LaunchScreen.storyboard; sourceTree = "<group>"; };
		C88670041FF18D6D0005C68B /* Info.plist */ = {isa = PBXFileReference; lastKnownFileType = text.plist.xml; path = Info.plist; sourceTree = "<group>"; };
		C886700A1FF196B10005C68B /* PasswordsViewController.swift */ = {isa = PBXFileReference; lastKnownFileType = sourcecode.swift; path = PasswordsViewController.swift; sourceTree = "<group>"; };
		C886700C1FF197980005C68B /* SecurityTipsViewController.swift */ = {isa = PBXFileReference; lastKnownFileType = sourcecode.swift; path = SecurityTipsViewController.swift; sourceTree = "<group>"; };
		C886700E1FF198110005C68B /* PasswordsGenerator.swift */ = {isa = PBXFileReference; lastKnownFileType = sourcecode.swift; path = PasswordsGenerator.swift; sourceTree = "<group>"; };
/* End PBXFileReference section */

/* Begin PBXFrameworksBuildPhase section */
		C8866FEF1FF18D6C0005C68B /* Frameworks */ = {
			isa = PBXFrameworksBuildPhase;
			buildActionMask = 2147483647;
			files = (
			);
			runOnlyForDeploymentPostprocessing = 0;
		};
/* End PBXFrameworksBuildPhase section */

/* Begin PBXGroup section */
		C8866FE91FF18D6C0005C68B = {
			isa = PBXGroup;
			children = (
				C8866FF41FF18D6C0005C68B /* SuperSenha */,
				C8866FF31FF18D6C0005C68B /* Products */,
			);
			sourceTree = "<group>";
		};
		C8866FF31FF18D6C0005C68B /* Products */ = {
			isa = PBXGroup;
			children = (
				C8866FF21FF18D6C0005C68B /* SuperSenha.app */,
			);
			name = Products;
			sourceTree = "<group>";
		};
		C8866FF41FF18D6C0005C68B /* SuperSenha */ = {
			isa = PBXGroup;
			children = (
				C8866FF51FF18D6C0005C68B /* AppDelegate.swift */,
				C8866FF71FF18D6C0005C68B /* ViewController.swift */,
				C8866FF91FF18D6C0005C68B /* Main.storyboard */,
				C8866FFF1FF18D6D0005C68B /* Assets.xcassets */,
				C88670011FF18D6D0005C68B /* LaunchScreen.storyboard */,
				C88670041FF18D6D0005C68B /* Info.plist */,
				C8866FFC1FF18D6D0005C68B /* SuperSenha.xcdatamodeld */,
				C886700A1FF196B10005C68B /* PasswordsViewController.swift */,
				C886700C1FF197980005C68B /* SecurityTipsViewController.swift */,
				C886700E1FF198110005C68B /* PasswordsGenerator.swift */,
			);
			path = SuperSenha;
			sourceTree = "<group>";
		};
/* End PBXGroup section */

/* Begin PBXNativeTarget section */
		C8866FF11FF18D6C0005C68B /* SuperSenha */ = {
			isa = PBXNativeTarget;
			buildConfigurationList = C88670071FF18D6D0005C68B /* Build configuration list for PBXNativeTarget "SuperSenha" */;
			buildPhases = (
				C8866FEE1FF18D6C0005C68B /* Sources */,
				C8866FEF1FF18D6C0005C68B /* Frameworks */,
				C8866FF01FF18D6C0005C68B /* Resources */,
			);
			buildRules = (
			);
			dependencies = (
			);
			name = SuperSenha;
			productName = SuperSenha;
			productReference = C8866FF21FF18D6C0005C68B /* SuperSenha.app */;
			productType = "com.apple.product-type.application";
		};
/* End PBXNativeTarget section */

/* Begin PBXProject section */
		C8866FEA1FF18D6C0005C68B /* Project object */ = {
			isa = PBXProject;
			attributes = {
				LastSwiftUpdateCheck = 0900;
				LastUpgradeCheck = 0900;
				ORGANIZATIONNAME = "Ricardo Corrales";
				TargetAttributes = {
					C8866FF11FF18D6C0005C68B = {
						CreatedOnToolsVersion = 9.0.1;
						ProvisioningStyle = Automatic;
					};
				};
			};
			buildConfigurationList = C8866FED1FF18D6C0005C68B /* Build configuration list for PBXProject "SuperSenha" */;
			compatibilityVersion = "Xcode 8.0";
			developmentRegion = en;
			hasScannedForEncodings = 0;
			knownRegions = (
				en,
				Base,
			);
			mainGroup = C8866FE91FF18D6C0005C68B;
			productRefGroup = C8866FF31FF18D6C0005C68B /* Products */;
			projectDirPath = "";
			projectRoot = "";
			targets = (
				C8866FF11FF18D6C0005C68B /* SuperSenha */,
			);
		};
/* End PBXProject section */

/* Begin PBXResourcesBuildPhase section */
		C8866FF01FF18D6C0005C68B /* Resources */ = {
			isa = PBXResourcesBuildPhase;
			buildActionMask = 2147483647;
			files = (
				C88670031FF18D6D0005C68B /* LaunchScreen.storyboard in Resources */,
				C88670001FF18D6D0005C68B /* Assets.xcassets in Resources */,
				C8866FFB1FF18D6C0005C68B /* Main.storyboard in Resources */,
			);
			runOnlyForDeploymentPostprocessing = 0;
		};
/* End PBXResourcesBuildPhase section */

/* Begin PBXSourcesBuildPhase section */
		C8866FEE1FF18D6C0005C68B /* Sources */ = {
			isa = PBXSourcesBuildPhase;
			buildActionMask = 2147483647;
			files = (
				C886700F1FF198110005C68B /* PasswordsGenerator.swift in Sources */,
				C8866FF81FF18D6C0005C68B /* ViewController.swift in Sources */,
				C886700B1FF196B10005C68B /* PasswordsViewController.swift in Sources */,
				C8866FF61FF18D6C0005C68B /* AppDelegate.swift in Sources */,
				C8866FFE1FF18D6D0005C68B /* SuperSenha.xcdatamodeld in Sources */,
				C886700D1FF197980005C68B /* SecurityTipsViewController.swift in Sources */,
			);
			runOnlyForDeploymentPostprocessing = 0;
		};
/* End PBXSourcesBuildPhase section */

/* Begin PBXVariantGroup section */
		C8866FF91FF18D6C0005C68B /* Main.storyboard */ = {
			isa = PBXVariantGroup;
			children = (
				C8866FFA1FF18D6C0005C68B /* Base */,
			);
			name = Main.storyboard;
			sourceTree = "<group>";
		};
		C88670011FF18D6D0005C68B /* LaunchScreen.storyboard */ = {
			isa = PBXVariantGroup;
			children = (
				C88670021FF18D6D0005C68B /* Base */,
			);
			name = LaunchScreen.storyboard;
			sourceTree = "<group>";
		};
/* End PBXVariantGroup section */

/* Begin XCBuildConfiguration section */
		C88670051FF18D6D0005C68B /* Debug */ = {
			isa = XCBuildConfiguration;
			buildSettings = {
				ALWAYS_SEARCH_USER_PATHS = NO;
				CLANG_ANALYZER_NONNULL = YES;
				CLANG_ANALYZER_NUMBER_OBJECT_CONVERSION = YES_AGGRESSIVE;
				CLANG_CXX_LANGUAGE_STANDARD = "gnu++14";
				CLANG_CXX_LIBRARY = "libc++";
				CLANG_ENABLE_MODULES = YES;
				CLANG_ENABLE_OBJC_ARC = YES;
				CLANG_WARN_BLOCK_CAPTURE_AUTORELEASING = YES;
				CLANG_WARN_BOOL_CONVERSION = YES;
				CLANG_WARN_COMMA = YES;
				CLANG_WARN_CONSTANT_CONVERSION = YES;
				CLANG_WARN_DIRECT_OBJC_ISA_USAGE = YES_ERROR;
				CLANG_WARN_DOCUMENTATION_COMMENTS = YES;
				CLANG_WARN_EMPTY_BODY = YES;
				CLANG_WARN_ENUM_CONVERSION = YES;
				CLANG_WARN_INFINITE_RECURSION = YES;
				CLANG_WARN_INT_CONVERSION = YES;
				CLANG_WARN_NON_LITERAL_NULL_CONVERSION = YES;
				CLANG_WARN_OBJC_LITERAL_CONVERSION = YES;
				CLANG_WARN_OBJC_ROOT_CLASS = YES_ERROR;
				CLANG_WARN_RANGE_LOOP_ANALYSIS = YES;
				CLANG_WARN_STRICT_PROTOTYPES = YES;
				CLANG_WARN_SUSPICIOUS_MOVE = YES;
				CLANG_WARN_UNGUARDED_AVAILABILITY = YES_AGGRESSIVE;
				CLANG_WARN_UNREACHABLE_CODE = YES;
				CLANG_WARN__DUPLICATE_METHOD_MATCH = YES;
				CODE_SIGN_IDENTITY = "iPhone Developer";
				COPY_PHASE_STRIP = NO;
				DEBUG_INFORMATION_FORMAT = dwarf;
				ENABLE_STRICT_OBJC_MSGSEND = YES;
				ENABLE_TESTABILITY = YES;
				GCC_C_LANGUAGE_STANDARD = gnu11;
				GCC_DYNAMIC_NO_PIC = NO;
				GCC_NO_COMMON_BLOCKS = YES;
				GCC_OPTIMIZATION_LEVEL = 0;
				GCC_PREPROCESSOR_DEFINITIONS = (
					"DEBUG=1",
					"$(inherited)",
				);
				GCC_WARN_64_TO_32_BIT_CONVERSION = YES;
				GCC_WARN_ABOUT_RETURN_TYPE = YES_ERROR;
				GCC_WARN_UNDECLARED_SELECTOR = YES;
				GCC_WARN_UNINITIALIZED_AUTOS = YES_AGGRESSIVE;
				GCC_WARN_UNUSED_FUNCTION = YES;
				GCC_WARN_UNUSED_VARIABLE = YES;
				IPHONEOS_DEPLOYMENT_TARGET = 11.0;
				MTL_ENABLE_DEBUG_INFO = YES;
				ONLY_ACTIVE_ARCH = YES;
				SDKROOT = iphoneos;
				SWIFT_ACTIVE_COMPILATION_CONDITIONS = DEBUG;
				SWIFT_OPTIMIZATION_LEVEL = "-Onone";
			};
			name = Debug;
		};
		C88670061FF18D6D0005C68B /* Release */ = {
			isa = XCBuildConfiguration;
			buildSettings = {
				ALWAYS_SEARCH_USER_PATHS = NO;
				CLANG_ANALYZER_NONNULL = YES;
				CLANG_ANALYZER_NUMBER_OBJECT_CONVERSION = YES_AGGRESSIVE;
				CLANG_CXX_LANGUAGE_STANDARD = "gnu++14";
				CLANG_CXX_LIBRARY = "libc++";
				CLANG_ENABLE_MODULES = YES;
				CLANG_ENABLE_OBJC_ARC = YES;
				CLANG_WARN_BLOCK_CAPTURE_AUTORELEASING = YES;
				CLANG_WARN_BOOL_CONVERSION = YES;
				CLANG_WARN_COMMA = YES;
				CLANG_WARN_CONSTANT_CONVERSION = YES;
				CLANG_WARN_DIRECT_OBJC_ISA_USAGE = YES_ERROR;
				CLANG_WARN_DOCUMENTATION_COMMENTS = YES;
				CLANG_WARN_EMPTY_BODY = YES;
				CLANG_WARN_ENUM_CONVERSION = YES;
				CLANG_WARN_INFINITE_RECURSION = YES;
				CLANG_WARN_INT_CONVERSION = YES;
				CLANG_WARN_NON_LITERAL_NULL_CONVERSION = YES;
				CLANG_WARN_OBJC_LITERAL_CONVERSION = YES;
				CLANG_WARN_OBJC_ROOT_CLASS = YES_ERROR;
				CLANG_WARN_RANGE_LOOP_ANALYSIS = YES;
				CLANG_WARN_STRICT_PROTOTYPES = YES;
				CLANG_WARN_SUSPICIOUS_MOVE = YES;
				CLANG_WARN_UNGUARDED_AVAILABILITY = YES_AGGRESSIVE;
				CLANG_WARN_UNREACHABLE_CODE = YES;
				CLANG_WARN__DUPLICATE_METHOD_MATCH = YES;
				CODE_SIGN_IDENTITY = "iPhone Developer";
				COPY_PHASE_STRIP = NO;
				DEBUG_INFORMATION_FORMAT = "dwarf-with-dsym";
				ENABLE_NS_ASSERTIONS = NO;
				ENABLE_STRICT_OBJC_MSGSEND = YES;
				GCC_C_LANGUAGE_STANDARD = gnu11;
				GCC_NO_COMMON_BLOCKS = YES;
				GCC_WARN_64_TO_32_BIT_CONVERSION = YES;
				GCC_WARN_ABOUT_RETURN_TYPE = YES_ERROR;
				GCC_WARN_UNDECLARED_SELECTOR = YES;
				GCC_WARN_UNINITIALIZED_AUTOS = YES_AGGRESSIVE;
				GCC_WARN_UNUSED_FUNCTION = YES;
				GCC_WARN_UNUSED_VARIABLE = YES;
				IPHONEOS_DEPLOYMENT_TARGET = 11.0;
				MTL_ENABLE_DEBUG_INFO = NO;
				SDKROOT = iphoneos;
				SWIFT_OPTIMIZATION_LEVEL = "-Owholemodule";
				VALIDATE_PRODUCT = YES;
			};
			name = Release;
		};
		C88670081FF18D6D0005C68B /* Debug */ = {
			isa = XCBuildConfiguration;
			buildSettings = {
				ASSETCATALOG_COMPILER_APPICON_NAME = AppIcon;
				CODE_SIGN_STYLE = Automatic;
				INFOPLIST_FILE = SuperSenha/Info.plist;
				LD_RUNPATH_SEARCH_PATHS = "$(inherited) @executable_path/Frameworks";
				PRODUCT_BUNDLE_IDENTIFIER = com.lucas.studies.SuperSenha;
				PRODUCT_NAME = "$(TARGET_NAME)";
				SWIFT_VERSION = 4.0;
				TARGETED_DEVICE_FAMILY = 1;
			};
			name = Debug;
		};
		C88670091FF18D6D0005C68B /* Release */ = {
			isa = XCBuildConfiguration;
			buildSettings = {
				ASSETCATALOG_COMPILER_APPICON_NAME = AppIcon;
				CODE_SIGN_STYLE = Automatic;
				INFOPLIST_FILE = SuperSenha/Info.plist;
				LD_RUNPATH_SEARCH_PATHS = "$(inherited) @executable_path/Frameworks";
				PRODUCT_BUNDLE_IDENTIFIER = com.lucas.studies.SuperSenha;
				PRODUCT_NAME = "$(TARGET_NAME)";
				SWIFT_VERSION = 4.0;
				TARGETED_DEVICE_FAMILY = 1;
			};
			name = Release;
		};
/* End XCBuildConfiguration section */

/* Begin XCConfigurationList section */
		C8866FED1FF18D6C0005C68B /* Build configuration list for PBXProject "SuperSenha" */ = {
			isa = XCConfigurationList;
			buildConfigurations = (
				C88670051FF18D6D0005C68B /* Debug */,
				C88670061FF18D6D0005C68B /* Release */,
			);
			defaultConfigurationIsVisible = 0;
			defaultConfigurationName = Release;
		};
		C88670071FF18D6D0005C68B /* Build configuration list for PBXNativeTarget "SuperSenha" */ = {
			isa = XCConfigurationList;
			buildConfigurations = (
				C88670081FF18D6D0005C68B /* Debug */,
				C88670091FF18D6D0005C68B /* Release */,
			);
			defaultConfigurationIsVisible = 0;
			defaultConfigurationName = Release;
		};
/* End XCConfigurationList section */

/* Begin XCVersionGroup section */
		C8866FFC1FF18D6D0005C68B /* SuperSenha.xcdatamodeld */ = {
			isa = XCVersionGroup;
			children = (
				C8866FFD1FF18D6D0005C68B /* SuperSenha.xcdatamodel */,
			);
			currentVersion = C8866FFD1FF18D6D0005C68B /* SuperSenha.xcdatamodel */;
			path = SuperSenha.xcdatamodeld;
			sourceTree = "<group>";
			versionGroupType = wrapper.xcdatamodel;
		};
/* End XCVersionGroup section */
	};
	rootObject = C8866FEA1FF18D6C0005C68B /* Project object */;
}
